// !$*UTF8*$!
{
	archiveVersion = 1;
	classes = {
	};
	objectVersion = 46;
	objects = {

/* Begin PBXBuildFile section */
		3874774DFBA55A675755F7EE /* libPods.a in Frameworks */ = {isa = PBXBuildFile; fileRef = 784D9C744891154066C0658B /* libPods.a */; };
		CC769FEB1B6AF6C200A5A1CE /* MenuViewController.m in Sources */ = {isa = PBXBuildFile; fileRef = CC769FE91B6AF6C200A5A1CE /* MenuViewController.m */; };
		CC769FEC1B6AF6C300A5A1CE /* MenuViewController.xib in Resources */ = {isa = PBXBuildFile; fileRef = CC769FEA1B6AF6C200A5A1CE /* MenuViewController.xib */; };
		CC99AE311B8A6E8A00DBB30E /* Model1.xcdatamodeld in Sources */ = {isa = PBXBuildFile; fileRef = CC99AE2F1B8A6E8A00DBB30E /* Model1.xcdatamodeld */; };
		CC99AE341B8A801100DBB30E /* EventGuest.m in Sources */ = {isa = PBXBuildFile; fileRef = CC99AE331B8A801100DBB30E /* EventGuest.m */; };
		CC99AE371B8A801100DBB30E /* User.m in Sources */ = {isa = PBXBuildFile; fileRef = CC99AE361B8A801100DBB30E /* User.m */; };
		CC99AE3A1B8A801100DBB30E /* State.m in Sources */ = {isa = PBXBuildFile; fileRef = CC99AE391B8A801100DBB30E /* State.m */; };
		CC99AE3D1B8A801100DBB30E /* UserType.m in Sources */ = {isa = PBXBuildFile; fileRef = CC99AE3C1B8A801100DBB30E /* UserType.m */; };
		CC99AE401B8A801100DBB30E /* EventCategory.m in Sources */ = {isa = PBXBuildFile; fileRef = CC99AE3F1B8A801100DBB30E /* EventCategory.m */; };
		CC99AE431B8A801100DBB30E /* EventType.m in Sources */ = {isa = PBXBuildFile; fileRef = CC99AE421B8A801100DBB30E /* EventType.m */; };
		CC99AE461B8A801100DBB30E /* GuestType.m in Sources */ = {isa = PBXBuildFile; fileRef = CC99AE451B8A801100DBB30E /* GuestType.m */; };
		CC99AE491B8A801100DBB30E /* Event.m in Sources */ = {isa = PBXBuildFile; fileRef = CC99AE481B8A801100DBB30E /* Event.m */; };
		CC99AE4C1B8A801100DBB30E /* Guest.m in Sources */ = {isa = PBXBuildFile; fileRef = CC99AE4B1B8A801100DBB30E /* Guest.m */; };
		CC99AE4F1B8A801100DBB30E /* City.m in Sources */ = {isa = PBXBuildFile; fileRef = CC99AE4E1B8A801100DBB30E /* City.m */; };
		CC99AE521B8A801100DBB30E /* Country.m in Sources */ = {isa = PBXBuildFile; fileRef = CC99AE511B8A801100DBB30E /* Country.m */; };
		CCFC85C21B55E22700052A52 /* main.m in Sources */ = {isa = PBXBuildFile; fileRef = CCFC85C11B55E22700052A52 /* main.m */; };
		CCFC85C51B55E22700052A52 /* AppDelegate.m in Sources */ = {isa = PBXBuildFile; fileRef = CCFC85C41B55E22700052A52 /* AppDelegate.m */; };
		CCFC85C81B55E22700052A52 /* ViewController.m in Sources */ = {isa = PBXBuildFile; fileRef = CCFC85C71B55E22700052A52 /* ViewController.m */; };
		CCFC85CB1B55E22700052A52 /* Main.storyboard in Resources */ = {isa = PBXBuildFile; fileRef = CCFC85C91B55E22700052A52 /* Main.storyboard */; };
		CCFC85CD1B55E22700052A52 /* Images.xcassets in Resources */ = {isa = PBXBuildFile; fileRef = CCFC85CC1B55E22700052A52 /* Images.xcassets */; };
		CCFC85D01B55E22700052A52 /* LaunchScreen.xib in Resources */ = {isa = PBXBuildFile; fileRef = CCFC85CE1B55E22700052A52 /* LaunchScreen.xib */; };
		CCFC85DC1B55E22800052A52 /* tcc_iosTests.m in Sources */ = {isa = PBXBuildFile; fileRef = CCFC85DB1B55E22800052A52 /* tcc_iosTests.m */; };
/* End PBXBuildFile section */

/* Begin PBXContainerItemProxy section */
		CCFC85D61B55E22800052A52 /* PBXContainerItemProxy */ = {
			isa = PBXContainerItemProxy;
			containerPortal = CCFC85B41B55E22700052A52 /* Project object */;
			proxyType = 1;
			remoteGlobalIDString = CCFC85BB1B55E22700052A52;
			remoteInfo = "tcc-ios";
		};
/* End PBXContainerItemProxy section */

/* Begin PBXFileReference section */
		784D9C744891154066C0658B /* libPods.a */ = {isa = PBXFileReference; explicitFileType = archive.ar; includeInIndex = 0; path = libPods.a; sourceTree = BUILT_PRODUCTS_DIR; };
		BA6515A1D07D3FA641AC5589 /* Pods.release.xcconfig */ = {isa = PBXFileReference; includeInIndex = 1; lastKnownFileType = text.xcconfig; name = Pods.release.xcconfig; path = "Pods/Target Support Files/Pods/Pods.release.xcconfig"; sourceTree = "<group>"; };
		CC769FE81B6AF6C200A5A1CE /* MenuViewController.h */ = {isa = PBXFileReference; fileEncoding = 4; lastKnownFileType = sourcecode.c.h; path = MenuViewController.h; sourceTree = "<group>"; };
		CC769FE91B6AF6C200A5A1CE /* MenuViewController.m */ = {isa = PBXFileReference; fileEncoding = 4; lastKnownFileType = sourcecode.c.objc; path = MenuViewController.m; sourceTree = "<group>"; };
		CC769FEA1B6AF6C200A5A1CE /* MenuViewController.xib */ = {isa = PBXFileReference; fileEncoding = 4; lastKnownFileType = file.xib; path = MenuViewController.xib; sourceTree = "<group>"; };
		CC99AE301B8A6E8A00DBB30E /* Model1.xcdatamodel */ = {isa = PBXFileReference; lastKnownFileType = wrapper.xcdatamodel; path = Model1.xcdatamodel; sourceTree = "<group>"; };
		CC99AE321B8A801100DBB30E /* EventGuest.h */ = {isa = PBXFileReference; fileEncoding = 4; lastKnownFileType = sourcecode.c.h; name = EventGuest.h; path = "tcc-ios/src/model/EventGuest.h"; sourceTree = "<group>"; };
		CC99AE331B8A801100DBB30E /* EventGuest.m */ = {isa = PBXFileReference; fileEncoding = 4; lastKnownFileType = sourcecode.c.objc; name = EventGuest.m; path = "tcc-ios/src/model/EventGuest.m"; sourceTree = "<group>"; };
		CC99AE351B8A801100DBB30E /* User.h */ = {isa = PBXFileReference; fileEncoding = 4; lastKnownFileType = sourcecode.c.h; name = User.h; path = "tcc-ios/src/model/User.h"; sourceTree = "<group>"; };
		CC99AE361B8A801100DBB30E /* User.m */ = {isa = PBXFileReference; fileEncoding = 4; lastKnownFileType = sourcecode.c.objc; name = User.m; path = "tcc-ios/src/model/User.m"; sourceTree = "<group>"; };
		CC99AE381B8A801100DBB30E /* State.h */ = {isa = PBXFileReference; fileEncoding = 4; lastKnownFileType = sourcecode.c.h; name = State.h; path = "tcc-ios/src/model/State.h"; sourceTree = "<group>"; };
		CC99AE391B8A801100DBB30E /* State.m */ = {isa = PBXFileReference; fileEncoding = 4; lastKnownFileType = sourcecode.c.objc; name = State.m; path = "tcc-ios/src/model/State.m"; sourceTree = "<group>"; };
		CC99AE3B1B8A801100DBB30E /* UserType.h */ = {isa = PBXFileReference; fileEncoding = 4; lastKnownFileType = sourcecode.c.h; name = UserType.h; path = "tcc-ios/src/model/UserType.h"; sourceTree = "<group>"; };
		CC99AE3C1B8A801100DBB30E /* UserType.m */ = {isa = PBXFileReference; fileEncoding = 4; lastKnownFileType = sourcecode.c.objc; name = UserType.m; path = "tcc-ios/src/model/UserType.m"; sourceTree = "<group>"; };
		CC99AE3E1B8A801100DBB30E /* EventCategory.h */ = {isa = PBXFileReference; fileEncoding = 4; lastKnownFileType = sourcecode.c.h; name = EventCategory.h; path = "tcc-ios/src/model/EventCategory.h"; sourceTree = "<group>"; };
		CC99AE3F1B8A801100DBB30E /* EventCategory.m */ = {isa = PBXFileReference; fileEncoding = 4; lastKnownFileType = sourcecode.c.objc; name = EventCategory.m; path = "tcc-ios/src/model/EventCategory.m"; sourceTree = "<group>"; };
		CC99AE411B8A801100DBB30E /* EventType.h */ = {isa = PBXFileReference; fileEncoding = 4; lastKnownFileType = sourcecode.c.h; name = EventType.h; path = "tcc-ios/src/model/EventType.h"; sourceTree = "<group>"; };
		CC99AE421B8A801100DBB30E /* EventType.m */ = {isa = PBXFileReference; fileEncoding = 4; lastKnownFileType = sourcecode.c.objc; name = EventType.m; path = "tcc-ios/src/model/EventType.m"; sourceTree = "<group>"; };
		CC99AE441B8A801100DBB30E /* GuestType.h */ = {isa = PBXFileReference; fileEncoding = 4; lastKnownFileType = sourcecode.c.h; name = GuestType.h; path = "tcc-ios/src/model/GuestType.h"; sourceTree = "<group>"; };
		CC99AE451B8A801100DBB30E /* GuestType.m */ = {isa = PBXFileReference; fileEncoding = 4; lastKnownFileType = sourcecode.c.objc; name = GuestType.m; path = "tcc-ios/src/model/GuestType.m"; sourceTree = "<group>"; };
		CC99AE471B8A801100DBB30E /* Event.h */ = {isa = PBXFileReference; fileEncoding = 4; lastKnownFileType = sourcecode.c.h; name = Event.h; path = "tcc-ios/src/model/Event.h"; sourceTree = "<group>"; };
		CC99AE481B8A801100DBB30E /* Event.m */ = {isa = PBXFileReference; fileEncoding = 4; lastKnownFileType = sourcecode.c.objc; name = Event.m; path = "tcc-ios/src/model/Event.m"; sourceTree = "<group>"; };
		CC99AE4A1B8A801100DBB30E /* Guest.h */ = {isa = PBXFileReference; fileEncoding = 4; lastKnownFileType = sourcecode.c.h; name = Guest.h; path = "tcc-ios/src/model/Guest.h"; sourceTree = "<group>"; };
		CC99AE4B1B8A801100DBB30E /* Guest.m */ = {isa = PBXFileReference; fileEncoding = 4; lastKnownFileType = sourcecode.c.objc; name = Guest.m; path = "tcc-ios/src/model/Guest.m"; sourceTree = "<group>"; };
		CC99AE4D1B8A801100DBB30E /* City.h */ = {isa = PBXFileReference; fileEncoding = 4; lastKnownFileType = sourcecode.c.h; name = City.h; path = "tcc-ios/src/model/City.h"; sourceTree = "<group>"; };
		CC99AE4E1B8A801100DBB30E /* City.m */ = {isa = PBXFileReference; fileEncoding = 4; lastKnownFileType = sourcecode.c.objc; name = City.m; path = "tcc-ios/src/model/City.m"; sourceTree = "<group>"; };
		CC99AE501B8A801100DBB30E /* Country.h */ = {isa = PBXFileReference; fileEncoding = 4; lastKnownFileType = sourcecode.c.h; name = Country.h; path = "tcc-ios/src/model/Country.h"; sourceTree = "<group>"; };
		CC99AE511B8A801100DBB30E /* Country.m */ = {isa = PBXFileReference; fileEncoding = 4; lastKnownFileType = sourcecode.c.objc; name = Country.m; path = "tcc-ios/src/model/Country.m"; sourceTree = "<group>"; };
		CCFC85BC1B55E22700052A52 /* tcc-ios.app */ = {isa = PBXFileReference; explicitFileType = wrapper.application; includeInIndex = 0; path = "tcc-ios.app"; sourceTree = BUILT_PRODUCTS_DIR; };
		CCFC85C01B55E22700052A52 /* Info.plist */ = {isa = PBXFileReference; lastKnownFileType = text.plist.xml; path = Info.plist; sourceTree = "<group>"; };
		CCFC85C11B55E22700052A52 /* main.m */ = {isa = PBXFileReference; lastKnownFileType = sourcecode.c.objc; path = main.m; sourceTree = "<group>"; };
		CCFC85C31B55E22700052A52 /* AppDelegate.h */ = {isa = PBXFileReference; lastKnownFileType = sourcecode.c.h; path = AppDelegate.h; sourceTree = "<group>"; };
		CCFC85C41B55E22700052A52 /* AppDelegate.m */ = {isa = PBXFileReference; lastKnownFileType = sourcecode.c.objc; path = AppDelegate.m; sourceTree = "<group>"; };
		CCFC85C61B55E22700052A52 /* ViewController.h */ = {isa = PBXFileReference; lastKnownFileType = sourcecode.c.h; path = ViewController.h; sourceTree = "<group>"; };
		CCFC85C71B55E22700052A52 /* ViewController.m */ = {isa = PBXFileReference; lastKnownFileType = sourcecode.c.objc; path = ViewController.m; sourceTree = "<group>"; };
		CCFC85CA1B55E22700052A52 /* Base */ = {isa = PBXFileReference; lastKnownFileType = file.storyboard; name = Base; path = Base.lproj/Main.storyboard; sourceTree = "<group>"; };
		CCFC85CC1B55E22700052A52 /* Images.xcassets */ = {isa = PBXFileReference; lastKnownFileType = folder.assetcatalog; path = Images.xcassets; sourceTree = "<group>"; };
		CCFC85CF1B55E22700052A52 /* Base */ = {isa = PBXFileReference; lastKnownFileType = file.xib; name = Base; path = Base.lproj/LaunchScreen.xib; sourceTree = "<group>"; };
		CCFC85D51B55E22800052A52 /* tcc-iosTests.xctest */ = {isa = PBXFileReference; explicitFileType = wrapper.cfbundle; includeInIndex = 0; path = "tcc-iosTests.xctest"; sourceTree = BUILT_PRODUCTS_DIR; };
		CCFC85DA1B55E22800052A52 /* Info.plist */ = {isa = PBXFileReference; lastKnownFileType = text.plist.xml; path = Info.plist; sourceTree = "<group>"; };
		CCFC85DB1B55E22800052A52 /* tcc_iosTests.m */ = {isa = PBXFileReference; lastKnownFileType = sourcecode.c.objc; path = tcc_iosTests.m; sourceTree = "<group>"; };
		D80EA61589BC951DE68B9CC0 /* Pods.debug.xcconfig */ = {isa = PBXFileReference; includeInIndex = 1; lastKnownFileType = text.xcconfig; name = Pods.debug.xcconfig; path = "Pods/Target Support Files/Pods/Pods.debug.xcconfig"; sourceTree = "<group>"; };
/* End PBXFileReference section */

/* Begin PBXFrameworksBuildPhase section */
		CCFC85B91B55E22700052A52 /* Frameworks */ = {
			isa = PBXFrameworksBuildPhase;
			buildActionMask = 2147483647;
			files = (
				3874774DFBA55A675755F7EE /* libPods.a in Frameworks */,
			);
			runOnlyForDeploymentPostprocessing = 0;
		};
		CCFC85D21B55E22800052A52 /* Frameworks */ = {
			isa = PBXFrameworksBuildPhase;
			buildActionMask = 2147483647;
			files = (
			);
			runOnlyForDeploymentPostprocessing = 0;
		};
/* End PBXFrameworksBuildPhase section */

/* Begin PBXGroup section */
		0FE0D84369044EDCB60CE96A /* Frameworks */ = {
			isa = PBXGroup;
			children = (
				784D9C744891154066C0658B /* libPods.a */,
			);
			name = Frameworks;
			sourceTree = "<group>";
		};
		CCFC85B31B55E22700052A52 = {
			isa = PBXGroup;
			children = (
				CC99AE501B8A801100DBB30E /* Country.h */,
				CC99AE511B8A801100DBB30E /* Country.m */,
				CC99AE4D1B8A801100DBB30E /* City.h */,
				CC99AE4E1B8A801100DBB30E /* City.m */,
				CC99AE4A1B8A801100DBB30E /* Guest.h */,
				CC99AE4B1B8A801100DBB30E /* Guest.m */,
				CC99AE471B8A801100DBB30E /* Event.h */,
				CC99AE481B8A801100DBB30E /* Event.m */,
				CC99AE441B8A801100DBB30E /* GuestType.h */,
				CC99AE451B8A801100DBB30E /* GuestType.m */,
				CC99AE411B8A801100DBB30E /* EventType.h */,
				CC99AE421B8A801100DBB30E /* EventType.m */,
				CC99AE3E1B8A801100DBB30E /* EventCategory.h */,
				CC99AE3F1B8A801100DBB30E /* EventCategory.m */,
				CC99AE3B1B8A801100DBB30E /* UserType.h */,
				CC99AE3C1B8A801100DBB30E /* UserType.m */,
				CC99AE381B8A801100DBB30E /* State.h */,
				CC99AE391B8A801100DBB30E /* State.m */,
				CC99AE351B8A801100DBB30E /* User.h */,
				CC99AE361B8A801100DBB30E /* User.m */,
				CC99AE321B8A801100DBB30E /* EventGuest.h */,
				CC99AE331B8A801100DBB30E /* EventGuest.m */,
				CCFC85BE1B55E22700052A52 /* tcc-ios */,
				CCFC85D81B55E22800052A52 /* tcc-iosTests */,
				CCFC85BD1B55E22700052A52 /* Products */,
				EB76C9ACA454DEB99EE47EF4 /* Pods */,
				0FE0D84369044EDCB60CE96A /* Frameworks */,
			);
			sourceTree = "<group>";
		};
		CCFC85BD1B55E22700052A52 /* Products */ = {
			isa = PBXGroup;
			children = (
				CCFC85BC1B55E22700052A52 /* tcc-ios.app */,
				CCFC85D51B55E22800052A52 /* tcc-iosTests.xctest */,
			);
			name = Products;
			sourceTree = "<group>";
		};
		CCFC85BE1B55E22700052A52 /* tcc-ios */ = {
			isa = PBXGroup;
			children = (
				CCFC85C31B55E22700052A52 /* AppDelegate.h */,
				CCFC85C41B55E22700052A52 /* AppDelegate.m */,
				CCFC85C61B55E22700052A52 /* ViewController.h */,
				CCFC85C71B55E22700052A52 /* ViewController.m */,
				CCFC85C91B55E22700052A52 /* Main.storyboard */,
				CCFC85CC1B55E22700052A52 /* Images.xcassets */,
				CCFC85CE1B55E22700052A52 /* LaunchScreen.xib */,
				CCFC85BF1B55E22700052A52 /* Supporting Files */,
				CC769FE81B6AF6C200A5A1CE /* MenuViewController.h */,
				CC769FE91B6AF6C200A5A1CE /* MenuViewController.m */,
				CC769FEA1B6AF6C200A5A1CE /* MenuViewController.xib */,
				CC99AE2F1B8A6E8A00DBB30E /* Model1.xcdatamodeld */,
			);
			path = "tcc-ios";
			sourceTree = "<group>";
		};
		CCFC85BF1B55E22700052A52 /* Supporting Files */ = {
			isa = PBXGroup;
			children = (
				CCFC85C01B55E22700052A52 /* Info.plist */,
				CCFC85C11B55E22700052A52 /* main.m */,
			);
			name = "Supporting Files";
			sourceTree = "<group>";
		};
		CCFC85D81B55E22800052A52 /* tcc-iosTests */ = {
			isa = PBXGroup;
			children = (
				CCFC85DB1B55E22800052A52 /* tcc_iosTests.m */,
				CCFC85D91B55E22800052A52 /* Supporting Files */,
			);
			path = "tcc-iosTests";
			sourceTree = "<group>";
		};
		CCFC85D91B55E22800052A52 /* Supporting Files */ = {
			isa = PBXGroup;
			children = (
				CCFC85DA1B55E22800052A52 /* Info.plist */,
			);
			name = "Supporting Files";
			sourceTree = "<group>";
		};
		EB76C9ACA454DEB99EE47EF4 /* Pods */ = {
			isa = PBXGroup;
			children = (
				D80EA61589BC951DE68B9CC0 /* Pods.debug.xcconfig */,
				BA6515A1D07D3FA641AC5589 /* Pods.release.xcconfig */,
			);
			name = Pods;
			sourceTree = "<group>";
		};
/* End PBXGroup section */

/* Begin PBXNativeTarget section */
		CCFC85BB1B55E22700052A52 /* tcc-ios */ = {
			isa = PBXNativeTarget;
			buildConfigurationList = CCFC85DF1B55E22800052A52 /* Build configuration list for PBXNativeTarget "tcc-ios" */;
			buildPhases = (
				CD8DA2F9C0638EF152BB8CF1 /* Check Pods Manifest.lock */,
				CCFC85B81B55E22700052A52 /* Sources */,
				CCFC85B91B55E22700052A52 /* Frameworks */,
				CCFC85BA1B55E22700052A52 /* Resources */,
				045AA39597AC0888BE2D993E /* Copy Pods Resources */,
			);
			buildRules = (
			);
			dependencies = (
			);
			name = "tcc-ios";
			productName = "tcc-ios";
			productReference = CCFC85BC1B55E22700052A52 /* tcc-ios.app */;
			productType = "com.apple.product-type.application";
		};
		CCFC85D41B55E22800052A52 /* tcc-iosTests */ = {
			isa = PBXNativeTarget;
			buildConfigurationList = CCFC85E21B55E22800052A52 /* Build configuration list for PBXNativeTarget "tcc-iosTests" */;
			buildPhases = (
				CCFC85D11B55E22800052A52 /* Sources */,
				CCFC85D21B55E22800052A52 /* Frameworks */,
				CCFC85D31B55E22800052A52 /* Resources */,
			);
			buildRules = (
			);
			dependencies = (
				CCFC85D71B55E22800052A52 /* PBXTargetDependency */,
			);
			name = "tcc-iosTests";
			productName = "tcc-iosTests";
			productReference = CCFC85D51B55E22800052A52 /* tcc-iosTests.xctest */;
			productType = "com.apple.product-type.bundle.unit-test";
		};
/* End PBXNativeTarget section */

/* Begin PBXProject section */
		CCFC85B41B55E22700052A52 /* Project object */ = {
			isa = PBXProject;
			attributes = {
				LastUpgradeCheck = 0640;
				ORGANIZATIONNAME = ifsp;
				TargetAttributes = {
					CCFC85BB1B55E22700052A52 = {
						CreatedOnToolsVersion = 6.4;
					};
					CCFC85D41B55E22800052A52 = {
						CreatedOnToolsVersion = 6.4;
						TestTargetID = CCFC85BB1B55E22700052A52;
					};
				};
			};
			buildConfigurationList = CCFC85B71B55E22700052A52 /* Build configuration list for PBXProject "tcc-ios" */;
			compatibilityVersion = "Xcode 3.2";
			developmentRegion = English;
			hasScannedForEncodings = 0;
			knownRegions = (
				en,
				Base,
			);
			mainGroup = CCFC85B31B55E22700052A52;
			productRefGroup = CCFC85BD1B55E22700052A52 /* Products */;
			projectDirPath = "";
			projectRoot = "";
			targets = (
				CCFC85BB1B55E22700052A52 /* tcc-ios */,
				CCFC85D41B55E22800052A52 /* tcc-iosTests */,
			);
		};
/* End PBXProject section */

/* Begin PBXResourcesBuildPhase section */
		CCFC85BA1B55E22700052A52 /* Resources */ = {
			isa = PBXResourcesBuildPhase;
			buildActionMask = 2147483647;
			files = (
				CCFC85CB1B55E22700052A52 /* Main.storyboard in Resources */,
				CCFC85D01B55E22700052A52 /* LaunchScreen.xib in Resources */,
				CCFC85CD1B55E22700052A52 /* Images.xcassets in Resources */,
				CC769FEC1B6AF6C300A5A1CE /* MenuViewController.xib in Resources */,
			);
			runOnlyForDeploymentPostprocessing = 0;
		};
		CCFC85D31B55E22800052A52 /* Resources */ = {
			isa = PBXResourcesBuildPhase;
			buildActionMask = 2147483647;
			files = (
			);
			runOnlyForDeploymentPostprocessing = 0;
		};
/* End PBXResourcesBuildPhase section */

/* Begin PBXShellScriptBuildPhase section */
		045AA39597AC0888BE2D993E /* Copy Pods Resources */ = {
			isa = PBXShellScriptBuildPhase;
			buildActionMask = 2147483647;
			files = (
			);
			inputPaths = (
			);
			name = "Copy Pods Resources";
			outputPaths = (
			);
			runOnlyForDeploymentPostprocessing = 0;
			shellPath = /bin/sh;
			shellScript = "\"${SRCROOT}/Pods/Target Support Files/Pods/Pods-resources.sh\"\n";
			showEnvVarsInLog = 0;
		};
		CD8DA2F9C0638EF152BB8CF1 /* Check Pods Manifest.lock */ = {
			isa = PBXShellScriptBuildPhase;
			buildActionMask = 2147483647;
			files = (
			);
			inputPaths = (
			);
			name = "Check Pods Manifest.lock";
			outputPaths = (
			);
			runOnlyForDeploymentPostprocessing = 0;
			shellPath = /bin/sh;
			shellScript = "diff \"${PODS_ROOT}/../Podfile.lock\" \"${PODS_ROOT}/Manifest.lock\" > /dev/null\nif [[ $? != 0 ]] ; then\n    cat << EOM\nerror: The sandbox is not in sync with the Podfile.lock. Run 'pod install' or update your CocoaPods installation.\nEOM\n    exit 1\nfi\n";
			showEnvVarsInLog = 0;
		};
/* End PBXShellScriptBuildPhase section */

/* Begin PBXSourcesBuildPhase section */
		CCFC85B81B55E22700052A52 /* Sources */ = {
			isa = PBXSourcesBuildPhase;
			buildActionMask = 2147483647;
			files = (
				CC99AE401B8A801100DBB30E /* EventCategory.m in Sources */,
				CCFC85C81B55E22700052A52 /* ViewController.m in Sources */,
				CC99AE4C1B8A801100DBB30E /* Guest.m in Sources */,
				CC99AE371B8A801100DBB30E /* User.m in Sources */,
				CC99AE491B8A801100DBB30E /* Event.m in Sources */,
				CC99AE4F1B8A801100DBB30E /* City.m in Sources */,
				CCFC85C51B55E22700052A52 /* AppDelegate.m in Sources */,
				CC99AE3A1B8A801100DBB30E /* State.m in Sources */,
				CC99AE521B8A801100DBB30E /* Country.m in Sources */,
				CCFC85C21B55E22700052A52 /* main.m in Sources */,
				CC769FEB1B6AF6C200A5A1CE /* MenuViewController.m in Sources */,
				CC99AE3D1B8A801100DBB30E /* UserType.m in Sources */,
				CC99AE461B8A801100DBB30E /* GuestType.m in Sources */,
				CC99AE431B8A801100DBB30E /* EventType.m in Sources */,
				CC99AE311B8A6E8A00DBB30E /* Model1.xcdatamodeld in Sources */,
				CC99AE341B8A801100DBB30E /* EventGuest.m in Sources */,
			);
			runOnlyForDeploymentPostprocessing = 0;
		};
		CCFC85D11B55E22800052A52 /* Sources */ = {
			isa = PBXSourcesBuildPhase;
			buildActionMask = 2147483647;
			files = (
				CCFC85DC1B55E22800052A52 /* tcc_iosTests.m in Sources */,
			);
			runOnlyForDeploymentPostprocessing = 0;
		};
/* End PBXSourcesBuildPhase section */

/* Begin PBXTargetDependency section */
		CCFC85D71B55E22800052A52 /* PBXTargetDependency */ = {
			isa = PBXTargetDependency;
			target = CCFC85BB1B55E22700052A52 /* tcc-ios */;
			targetProxy = CCFC85D61B55E22800052A52 /* PBXContainerItemProxy */;
		};
/* End PBXTargetDependency section */

/* Begin PBXVariantGroup section */
		CCFC85C91B55E22700052A52 /* Main.storyboard */ = {
			isa = PBXVariantGroup;
			children = (
				CCFC85CA1B55E22700052A52 /* Base */,
			);
			name = Main.storyboard;
			sourceTree = "<group>";
		};
		CCFC85CE1B55E22700052A52 /* LaunchScreen.xib */ = {
			isa = PBXVariantGroup;
			children = (
				CCFC85CF1B55E22700052A52 /* Base */,
			);
			name = LaunchScreen.xib;
			sourceTree = "<group>";
		};
/* End PBXVariantGroup section */

/* Begin XCBuildConfiguration section */
		CCFC85DD1B55E22800052A52 /* Debug */ = {
			isa = XCBuildConfiguration;
			buildSettings = {
				ALWAYS_SEARCH_USER_PATHS = NO;
				CLANG_CXX_LANGUAGE_STANDARD = "gnu++0x";
				CLANG_CXX_LIBRARY = "libc++";
				CLANG_ENABLE_MODULES = YES;
				CLANG_ENABLE_OBJC_ARC = YES;
				CLANG_WARN_BOOL_CONVERSION = YES;
				CLANG_WARN_CONSTANT_CONVERSION = YES;
				CLANG_WARN_DIRECT_OBJC_ISA_USAGE = YES_ERROR;
				CLANG_WARN_EMPTY_BODY = YES;
				CLANG_WARN_ENUM_CONVERSION = YES;
				CLANG_WARN_INT_CONVERSION = YES;
				CLANG_WARN_OBJC_ROOT_CLASS = YES_ERROR;
				CLANG_WARN_UNREACHABLE_CODE = YES;
				CLANG_WARN__DUPLICATE_METHOD_MATCH = YES;
				"CODE_SIGN_IDENTITY[sdk=iphoneos*]" = "iPhone Developer";
				COPY_PHASE_STRIP = NO;
				DEBUG_INFORMATION_FORMAT = "dwarf-with-dsym";
				ENABLE_STRICT_OBJC_MSGSEND = YES;
				GCC_C_LANGUAGE_STANDARD = gnu99;
				GCC_DYNAMIC_NO_PIC = NO;
				GCC_NO_COMMON_BLOCKS = YES;
				GCC_OPTIMIZATION_LEVEL = 0;
				GCC_PREPROCESSOR_DEFINITIONS = (
					"DEBUG=1",
					"$(inherited)",
				);
				GCC_SYMBOLS_PRIVATE_EXTERN = NO;
				GCC_WARN_64_TO_32_BIT_CONVERSION = YES;
				GCC_WARN_ABOUT_RETURN_TYPE = YES_ERROR;
				GCC_WARN_UNDECLARED_SELECTOR = YES;
				GCC_WARN_UNINITIALIZED_AUTOS = YES_AGGRESSIVE;
				GCC_WARN_UNUSED_FUNCTION = YES;
				GCC_WARN_UNUSED_VARIABLE = YES;
				IPHONEOS_DEPLOYMENT_TARGET = 8.4;
				MTL_ENABLE_DEBUG_INFO = YES;
				ONLY_ACTIVE_ARCH = YES;
				SDKROOT = iphoneos;
				TARGETED_DEVICE_FAMILY = "1,2";
			};
			name = Debug;
		};
		CCFC85DE1B55E22800052A52 /* Release */ = {
			isa = XCBuildConfiguration;
			buildSettings = {
				ALWAYS_SEARCH_USER_PATHS = NO;
				CLANG_CXX_LANGUAGE_STANDARD = "gnu++0x";
				CLANG_CXX_LIBRARY = "libc++";
				CLANG_ENABLE_MODULES = YES;
				CLANG_ENABLE_OBJC_ARC = YES;
				CLANG_WARN_BOOL_CONVERSION = YES;
				CLANG_WARN_CONSTANT_CONVERSION = YES;
				CLANG_WARN_DIRECT_OBJC_ISA_USAGE = YES_ERROR;
				CLANG_WARN_EMPTY_BODY = YES;
				CLANG_WARN_ENUM_CONVERSION = YES;
				CLANG_WARN_INT_CONVERSION = YES;
				CLANG_WARN_OBJC_ROOT_CLASS = YES_ERROR;
				CLANG_WARN_UNREACHABLE_CODE = YES;
				CLANG_WARN__DUPLICATE_METHOD_MATCH = YES;
				"CODE_SIGN_IDENTITY[sdk=iphoneos*]" = "iPhone Developer";
				COPY_PHASE_STRIP = NO;
				DEBUG_INFORMATION_FORMAT = "dwarf-with-dsym";
				ENABLE_NS_ASSERTIONS = NO;
				ENABLE_STRICT_OBJC_MSGSEND = YES;
				GCC_C_LANGUAGE_STANDARD = gnu99;
				GCC_NO_COMMON_BLOCKS = YES;
				GCC_WARN_64_TO_32_BIT_CONVERSION = YES;
				GCC_WARN_ABOUT_RETURN_TYPE = YES_ERROR;
				GCC_WARN_UNDECLARED_SELECTOR = YES;
				GCC_WARN_UNINITIALIZED_AUTOS = YES_AGGRESSIVE;
				GCC_WARN_UNUSED_FUNCTION = YES;
				GCC_WARN_UNUSED_VARIABLE = YES;
				IPHONEOS_DEPLOYMENT_TARGET = 8.4;
				MTL_ENABLE_DEBUG_INFO = NO;
				SDKROOT = iphoneos;
				TARGETED_DEVICE_FAMILY = "1,2";
				VALIDATE_PRODUCT = YES;
			};
			name = Release;
		};
		CCFC85E01B55E22800052A52 /* Debug */ = {
			isa = XCBuildConfiguration;
			baseConfigurationReference = D80EA61589BC951DE68B9CC0 /* Pods.debug.xcconfig */;
			buildSettings = {
				ASSETCATALOG_COMPILER_APPICON_NAME = AppIcon;
				INFOPLIST_FILE = "tcc-ios/Info.plist";
				IPHONEOS_DEPLOYMENT_TARGET = 7.0;
				LD_RUNPATH_SEARCH_PATHS = "$(inherited) @executable_path/Frameworks";
				PRODUCT_NAME = "$(TARGET_NAME)";
				TARGETED_DEVICE_FAMILY = "1,2";
			};
			name = Debug;
		};
		CCFC85E11B55E22800052A52 /* Release */ = {
			isa = XCBuildConfiguration;
			baseConfigurationReference = BA6515A1D07D3FA641AC5589 /* Pods.release.xcconfig */;
			buildSettings = {
				ASSETCATALOG_COMPILER_APPICON_NAME = AppIcon;
				INFOPLIST_FILE = "tcc-ios/Info.plist";
				IPHONEOS_DEPLOYMENT_TARGET = 7.0;
				LD_RUNPATH_SEARCH_PATHS = "$(inherited) @executable_path/Frameworks";
				PRODUCT_NAME = "$(TARGET_NAME)";
				TARGETED_DEVICE_FAMILY = "1,2";
			};
			name = Release;
		};
		CCFC85E31B55E22800052A52 /* Debug */ = {
			isa = XCBuildConfiguration;
			buildSettings = {
				BUNDLE_LOADER = "$(TEST_HOST)";
				FRAMEWORK_SEARCH_PATHS = (
					"$(SDKROOT)/Developer/Library/Frameworks",
					"$(inherited)",
				);
				GCC_PREPROCESSOR_DEFINITIONS = (
					"DEBUG=1",
					"$(inherited)",
				);
				INFOPLIST_FILE = "tcc-iosTests/Info.plist";
				LD_RUNPATH_SEARCH_PATHS = "$(inherited) @executable_path/Frameworks @loader_path/Frameworks";
				PRODUCT_NAME = "$(TARGET_NAME)";
				TEST_HOST = "$(BUILT_PRODUCTS_DIR)/tcc-ios.app/tcc-ios";
			};
			name = Debug;
		};
		CCFC85E41B55E22800052A52 /* Release */ = {
			isa = XCBuildConfiguration;
			buildSettings = {
				BUNDLE_LOADER = "$(TEST_HOST)";
				FRAMEWORK_SEARCH_PATHS = (
					"$(SDKROOT)/Developer/Library/Frameworks",
					"$(inherited)",
				);
				INFOPLIST_FILE = "tcc-iosTests/Info.plist";
				LD_RUNPATH_SEARCH_PATHS = "$(inherited) @executable_path/Frameworks @loader_path/Frameworks";
				PRODUCT_NAME = "$(TARGET_NAME)";
				TEST_HOST = "$(BUILT_PRODUCTS_DIR)/tcc-ios.app/tcc-ios";
			};
			name = Release;
		};
/* End XCBuildConfiguration section */

/* Begin XCConfigurationList section */
		CCFC85B71B55E22700052A52 /* Build configuration list for PBXProject "tcc-ios" */ = {
			isa = XCConfigurationList;
			buildConfigurations = (
				CCFC85DD1B55E22800052A52 /* Debug */,
				CCFC85DE1B55E22800052A52 /* Release */,
			);
			defaultConfigurationIsVisible = 0;
			defaultConfigurationName = Release;
		};
		CCFC85DF1B55E22800052A52 /* Build configuration list for PBXNativeTarget "tcc-ios" */ = {
			isa = XCConfigurationList;
			buildConfigurations = (
				CCFC85E01B55E22800052A52 /* Debug */,
				CCFC85E11B55E22800052A52 /* Release */,
			);
			defaultConfigurationIsVisible = 0;
			defaultConfigurationName = Release;
		};
		CCFC85E21B55E22800052A52 /* Build configuration list for PBXNativeTarget "tcc-iosTests" */ = {
			isa = XCConfigurationList;
			buildConfigurations = (
				CCFC85E31B55E22800052A52 /* Debug */,
				CCFC85E41B55E22800052A52 /* Release */,
			);
			defaultConfigurationIsVisible = 0;
			defaultConfigurationName = Release;
		};
/* End XCConfigurationList section */

/* Begin XCVersionGroup section */
		CC99AE2F1B8A6E8A00DBB30E /* Model1.xcdatamodeld */ = {
			isa = XCVersionGroup;
			children = (
				CC99AE301B8A6E8A00DBB30E /* Model1.xcdatamodel */,
			);
			currentVersion = CC99AE301B8A6E8A00DBB30E /* Model1.xcdatamodel */;
			path = Model1.xcdatamodeld;
			sourceTree = "<group>";
			versionGroupType = wrapper.xcdatamodel;
		};
/* End XCVersionGroup section */
	};
	rootObject = CCFC85B41B55E22700052A52 /* Project object */;
}
